
Microsoft Visual Studio Solution File, Format Version 12.00
# Visual Studio Version 17
VisualStudioVersion = 17.13.35818.85 d17.13
MinimumVisualStudioVersion = 10.0.40219.1
Project("{C9674DCB-5085-4A16-B785-4C70DD1589BD}") = "TurybusETL", "TurybusETL\TurybusETL.dtproj", "{8951FC9F-4EA6-939D-750A-7A6BD48CA0AD}"
EndProject
Global
	GlobalSection(SolutionConfigurationPlatforms) = preSolution
		Development|Default = Development|Default
	EndGlobalSection
	GlobalSection(ProjectConfigurationPlatforms) = postSolution
		{8951FC9F-4EA6-939D-750A-7A6BD48CA0AD}.Development|Default.ActiveCfg = Development
		{8951FC9F-4EA6-939D-750A-7A6BD48CA0AD}.Development|Default.Build.0 = Development
	EndGlobalSection
	GlobalSection(SolutionProperties) = preSolution
		HideSolutionNode = FALSE
	EndGlobalSection
	GlobalSection(ExtensibilityGlobals) = postSolution
		SolutionGuid = {CDC1D7F7-4A60-4AAB-B16C-DED25A9F4457}
	EndGlobalSection
EndGlobal
